
Microsoft Visual Studio Solution File, Format Version 12.00
# Visual Studio 15
VisualStudioVersion = 15.0.28010.2046
MinimumVisualStudioVersion = 10.0.40219.1
Project("{FAE04EC0-301F-11D3-BF4B-00C04F79EFBC}") = "Task 3 switch statements", "Task 3 switch statements\Task 3 switch statements.csproj", "{D73E443F-F4B7-41FF-8592-C6FDBF4B4686}"
EndProject
Global
	GlobalSection(SolutionConfigurationPlatforms) = preSolution
		Debug|Any CPU = Debug|Any CPU
		Release|Any CPU = Release|Any CPU
	EndGlobalSection
	GlobalSection(ProjectConfigurationPlatforms) = postSolution
		{D73E443F-F4B7-41FF-8592-C6FDBF4B4686}.Debug|Any CPU.ActiveCfg = Debug|Any CPU
		{D73E443F-F4B7-41FF-8592-C6FDBF4B4686}.Debug|Any CPU.Build.0 = Debug|Any CPU
		{D73E443F-F4B7-41FF-8592-C6FDBF4B4686}.Release|Any CPU.ActiveCfg = Release|Any CPU
		{D73E443F-F4B7-41FF-8592-C6FDBF4B4686}.Release|Any CPU.Build.0 = Release|Any CPU
	EndGlobalSection
	GlobalSection(SolutionProperties) = preSolution
		HideSolutionNode = FALSE
	EndGlobalSection
	GlobalSection(ExtensibilityGlobals) = postSolution
		SolutionGuid = {37A14166-589B-4648-9D9E-E2EFBF1048C5}
	EndGlobalSection
EndGlobal
